
Microsoft Visual Studio Solution File, Format Version 12.00
# Visual Studio Version 16
VisualStudioVersion = 16.0.30114.105
MinimumVisualStudioVersion = 10.0.40219.1
Project("{FAE04EC0-301F-11D3-BF4B-00C04F79EFBC}") = "CareerCloud.Pocos", "CareerCloud.Pocos\CareerCloud.Pocos.csproj", "{6E0411D1-1DAF-4BA3-9E08-E1D444996B0D}"
EndProject
Project("{9A19103F-16F7-4668-BE54-9A1E7A4F7556}") = "CareerCloudCore.UnitTests.Assignment1", "CareerCloudCore.UnitTests.Assignment1\CareerCloudCore.UnitTests.Assignment1\CareerCloudCore.UnitTests.Assignment1.csproj", "{C163D713-A195-401E-A0F0-FD323F432956}"
EndProject
Global
	GlobalSection(SolutionConfigurationPlatforms) = preSolution
		Debug|Any CPU = Debug|Any CPU
		Release|Any CPU = Release|Any CPU
	EndGlobalSection
	GlobalSection(ProjectConfigurationPlatforms) = postSolution
		{6E0411D1-1DAF-4BA3-9E08-E1D444996B0D}.Debug|Any CPU.ActiveCfg = Debug|Any CPU
		{6E0411D1-1DAF-4BA3-9E08-E1D444996B0D}.Debug|Any CPU.Build.0 = Debug|Any CPU
		{6E0411D1-1DAF-4BA3-9E08-E1D444996B0D}.Release|Any CPU.ActiveCfg = Release|Any CPU
		{6E0411D1-1DAF-4BA3-9E08-E1D444996B0D}.Release|Any CPU.Build.0 = Release|Any CPU
		{C163D713-A195-401E-A0F0-FD323F432956}.Debug|Any CPU.ActiveCfg = Debug|Any CPU
		{C163D713-A195-401E-A0F0-FD323F432956}.Debug|Any CPU.Build.0 = Debug|Any CPU
		{C163D713-A195-401E-A0F0-FD323F432956}.Release|Any CPU.ActiveCfg = Release|Any CPU
		{C163D713-A195-401E-A0F0-FD323F432956}.Release|Any CPU.Build.0 = Release|Any CPU
	EndGlobalSection
	GlobalSection(SolutionProperties) = preSolution
		HideSolutionNode = FALSE
	EndGlobalSection
	GlobalSection(ExtensibilityGlobals) = postSolution
		SolutionGuid = {45C4DF76-7E66-4473-82C8-E746C6B9A440}
	EndGlobalSection
EndGlobal
